
Microsoft Visual Studio Solution File, Format Version 12.00
# Visual Studio Version 17
VisualStudioVersion = 17.14.36301.6 d17.14
MinimumVisualStudioVersion = 10.0.40219.1
Project("{FAE04EC0-301F-11D3-BF4B-00C04F79EFBC}") = "KeyLogger", "KeyLogger\KeyLogger.csproj", "{7EA7C36F-EDAD-4C93-9E65-5F2BE0B0652E}"
EndProject
Global
	GlobalSection(SolutionConfigurationPlatforms) = preSolution
		Debug|Any CPU = Debug|Any CPU
		Release|Any CPU = Release|Any CPU
	EndGlobalSection
	GlobalSection(ProjectConfigurationPlatforms) = postSolution
		{7EA7C36F-EDAD-4C93-9E65-5F2BE0B0652E}.Debug|Any CPU.ActiveCfg = Debug|Any CPU
		{7EA7C36F-EDAD-4C93-9E65-5F2BE0B0652E}.Debug|Any CPU.Build.0 = Debug|Any CPU
		{7EA7C36F-EDAD-4C93-9E65-5F2BE0B0652E}.Release|Any CPU.ActiveCfg = Release|Any CPU
		{7EA7C36F-EDAD-4C93-9E65-5F2BE0B0652E}.Release|Any CPU.Build.0 = Release|Any CPU
	EndGlobalSection
	GlobalSection(SolutionProperties) = preSolution
		HideSolutionNode = FALSE
	EndGlobalSection
	GlobalSection(ExtensibilityGlobals) = postSolution
		SolutionGuid = {F893159C-9BB0-4E59-8F9B-D86D5630A7A2}
	EndGlobalSection
EndGlobal
